PODS:
  - AHEasing (1.2)
  - OCMock (2.2.4)
  - TLLayoutTransitioning (1.0.0):
    - AHEasing

DEPENDENCIES:
  - OCMock
  - TLLayoutTransitioning

SPEC CHECKSUMS:
  AHEasing: 539ed2ec2d50bf14e0ad66789b4e5a5b048aff8b
  OCMock: 5008fae4b4789b8fc3e48cd7660f2eb5ef8ce89e
  TLLayoutTransitioning: 925d8fbcc9964eea933e93600067f759cb823780

COCOAPODS: 0.33.1
